
Microsoft Visual Studio Solution File, Format Version 12.00
# Visual Studio Version 17
VisualStudioVersion = 17.1.32421.90
MinimumVisualStudioVersion = 10.0.40219.1
Project("{FAE04EC0-301F-11D3-BF4B-00C04F79EFBC}") = "LearnInheritance", "LearnInheritance\LearnInheritance.csproj", "{8E3C8EF2-4E3C-498E-80D9-29F2E2DCC1AE}"
EndProject
Global
	GlobalSection(SolutionConfigurationPlatforms) = preSolution
		Debug|Any CPU = Debug|Any CPU
		Release|Any CPU = Release|Any CPU
	EndGlobalSection
	GlobalSection(ProjectConfigurationPlatforms) = postSolution
		{8E3C8EF2-4E3C-498E-80D9-29F2E2DCC1AE}.Debug|Any CPU.ActiveCfg = Debug|Any CPU
		{8E3C8EF2-4E3C-498E-80D9-29F2E2DCC1AE}.Debug|Any CPU.Build.0 = Debug|Any CPU
		{8E3C8EF2-4E3C-498E-80D9-29F2E2DCC1AE}.Release|Any CPU.ActiveCfg = Release|Any CPU
		{8E3C8EF2-4E3C-498E-80D9-29F2E2DCC1AE}.Release|Any CPU.Build.0 = Release|Any CPU
	EndGlobalSection
	GlobalSection(SolutionProperties) = preSolution
		HideSolutionNode = FALSE
	EndGlobalSection
	GlobalSection(ExtensibilityGlobals) = postSolution
		SolutionGuid = {D65B6CF6-E713-49D7-A7FB-9556325FE7B2}
	EndGlobalSection
EndGlobal
